
Microsoft Visual Studio Solution File, Format Version 12.00
# Visual Studio Version 17
VisualStudioVersion = 17.10.35013.160
MinimumVisualStudioVersion = 10.0.40219.1
Project("{FAE04EC0-301F-11D3-BF4B-00C04F79EFBC}") = "CRUD4", "CRUD4\CRUD4.csproj", "{457EF0E6-508A-4735-AFC5-5B3C656A316C}"
EndProject
Global
	GlobalSection(SolutionConfigurationPlatforms) = preSolution
		Debug|Any CPU = Debug|Any CPU
		Release|Any CPU = Release|Any CPU
	EndGlobalSection
	GlobalSection(ProjectConfigurationPlatforms) = postSolution
		{457EF0E6-508A-4735-AFC5-5B3C656A316C}.Debug|Any CPU.ActiveCfg = Debug|Any CPU
		{457EF0E6-508A-4735-AFC5-5B3C656A316C}.Debug|Any CPU.Build.0 = Debug|Any CPU
		{457EF0E6-508A-4735-AFC5-5B3C656A316C}.Release|Any CPU.ActiveCfg = Release|Any CPU
		{457EF0E6-508A-4735-AFC5-5B3C656A316C}.Release|Any CPU.Build.0 = Release|Any CPU
	EndGlobalSection
	GlobalSection(SolutionProperties) = preSolution
		HideSolutionNode = FALSE
	EndGlobalSection
	GlobalSection(ExtensibilityGlobals) = postSolution
		SolutionGuid = {747E385A-4D1D-4FD9-A3C1-BF2B251DA2A1}
	EndGlobalSection
EndGlobal
